
Microsoft Visual Studio Solution File, Format Version 12.00
# Visual Studio Version 17
VisualStudioVersion = 17.12.35527.113
MinimumVisualStudioVersion = 10.0.40219.1
Project("{FAE04EC0-301F-11D3-BF4B-00C04F79EFBC}") = "Day01_Middleware", "Day01_Middleware\Day01_Middleware.csproj", "{D9D7210E-78E0-4CCE-8930-FB019C10E578}"
EndProject
Project("{FAE04EC0-301F-11D3-BF4B-00C04F79EFBC}") = "Day02_Routing", "Day02_Routing\Day02_Routing.csproj", "{AF022407-4621-460B-901B-AED7C67EDC2F}"
EndProject
Project("{FAE04EC0-301F-11D3-BF4B-00C04F79EFBC}") = "Day03_ModelBinding", "Day03_ModelBinding\Day03_ModelBinding.csproj", "{1D741D1E-5EB9-4164-AED6-C1B13FE0AA31}"
EndProject
Project("{FAE04EC0-301F-11D3-BF4B-00C04F79EFBC}") = "Day04_Controller-Based", "Day04_Controller-Based\Day04_Controller-Based.csproj", "{DEFAB8E9-8952-4B7C-853E-FF9979D8F7AD}"
EndProject
Project("{FAE04EC0-301F-11D3-BF4B-00C04F79EFBC}") = "Day05_Minimal-Based-Api", "Day05_Minimal-Based-Api\Day05_Minimal-Based-Api.csproj", "{C46923D2-C0B0-46D0-A14E-E283CEFEBB33}"
EndProject
Global
	GlobalSection(SolutionConfigurationPlatforms) = preSolution
		Debug|Any CPU = Debug|Any CPU
		Release|Any CPU = Release|Any CPU
	EndGlobalSection
	GlobalSection(ProjectConfigurationPlatforms) = postSolution
		{D9D7210E-78E0-4CCE-8930-FB019C10E578}.Debug|Any CPU.ActiveCfg = Debug|Any CPU
		{D9D7210E-78E0-4CCE-8930-FB019C10E578}.Debug|Any CPU.Build.0 = Debug|Any CPU
		{D9D7210E-78E0-4CCE-8930-FB019C10E578}.Release|Any CPU.ActiveCfg = Release|Any CPU
		{D9D7210E-78E0-4CCE-8930-FB019C10E578}.Release|Any CPU.Build.0 = Release|Any CPU
		{AF022407-4621-460B-901B-AED7C67EDC2F}.Debug|Any CPU.ActiveCfg = Debug|Any CPU
		{AF022407-4621-460B-901B-AED7C67EDC2F}.Debug|Any CPU.Build.0 = Debug|Any CPU
		{AF022407-4621-460B-901B-AED7C67EDC2F}.Release|Any CPU.ActiveCfg = Release|Any CPU
		{AF022407-4621-460B-901B-AED7C67EDC2F}.Release|Any CPU.Build.0 = Release|Any CPU
		{1D741D1E-5EB9-4164-AED6-C1B13FE0AA31}.Debug|Any CPU.ActiveCfg = Debug|Any CPU
		{1D741D1E-5EB9-4164-AED6-C1B13FE0AA31}.Debug|Any CPU.Build.0 = Debug|Any CPU
		{1D741D1E-5EB9-4164-AED6-C1B13FE0AA31}.Release|Any CPU.ActiveCfg = Release|Any CPU
		{1D741D1E-5EB9-4164-AED6-C1B13FE0AA31}.Release|Any CPU.Build.0 = Release|Any CPU
		{DEFAB8E9-8952-4B7C-853E-FF9979D8F7AD}.Debug|Any CPU.ActiveCfg = Debug|Any CPU
		{DEFAB8E9-8952-4B7C-853E-FF9979D8F7AD}.Debug|Any CPU.Build.0 = Debug|Any CPU
		{DEFAB8E9-8952-4B7C-853E-FF9979D8F7AD}.Release|Any CPU.ActiveCfg = Release|Any CPU
		{DEFAB8E9-8952-4B7C-853E-FF9979D8F7AD}.Release|Any CPU.Build.0 = Release|Any CPU
		{C46923D2-C0B0-46D0-A14E-E283CEFEBB33}.Debug|Any CPU.ActiveCfg = Debug|Any CPU
		{C46923D2-C0B0-46D0-A14E-E283CEFEBB33}.Debug|Any CPU.Build.0 = Debug|Any CPU
		{C46923D2-C0B0-46D0-A14E-E283CEFEBB33}.Release|Any CPU.ActiveCfg = Release|Any CPU
		{C46923D2-C0B0-46D0-A14E-E283CEFEBB33}.Release|Any CPU.Build.0 = Release|Any CPU
	EndGlobalSection
	GlobalSection(SolutionProperties) = preSolution
		HideSolutionNode = FALSE
	EndGlobalSection
EndGlobal
